// !$*UTF8*$!
{
	archiveVersion = 1;
	classes = {
	};
	objectVersion = 50;
	objects = {

/* Begin PBXBuildFile section */
		0ABC170B2381F11F00C036D0 /* AppDelegate.swift in Sources */ = {isa = PBXBuildFile; fileRef = 0ABC170A2381F11F00C036D0 /* AppDelegate.swift */; };
		0ABC170D2381F11F00C036D0 /* SceneDelegate.swift in Sources */ = {isa = PBXBuildFile; fileRef = 0ABC170C2381F11F00C036D0 /* SceneDelegate.swift */; };
		0ABC170F2381F11F00C036D0 /* ViewController.swift in Sources */ = {isa = PBXBuildFile; fileRef = 0ABC170E2381F11F00C036D0 /* ViewController.swift */; };
		0ABC17122381F11F00C036D0 /* Main.storyboard in Resources */ = {isa = PBXBuildFile; fileRef = 0ABC17102381F11F00C036D0 /* Main.storyboard */; };
		0ABC17142381F12000C036D0 /* Assets.xcassets in Resources */ = {isa = PBXBuildFile; fileRef = 0ABC17132381F12000C036D0 /* Assets.xcassets */; };
		0ABC17172381F12000C036D0 /* LaunchScreen.storyboard in Resources */ = {isa = PBXBuildFile; fileRef = 0ABC17152381F12000C036D0 /* LaunchScreen.storyboard */; };
		0ABC17222381F12100C036D0 /* WebviewTest1Tests.swift in Sources */ = {isa = PBXBuildFile; fileRef = 0ABC17212381F12100C036D0 /* WebviewTest1Tests.swift */; };
		0ABC172D2382093000C036D0 /* NavigationWebview.swift in Sources */ = {isa = PBXBuildFile; fileRef = 0ABC172C2382093000C036D0 /* NavigationWebview.swift */; };
/* End PBXBuildFile section */

/* Begin PBXContainerItemProxy section */
		0ABC171E2381F12100C036D0 /* PBXContainerItemProxy */ = {
			isa = PBXContainerItemProxy;
			containerPortal = 0ABC16FF2381F11F00C036D0 /* Project object */;
			proxyType = 1;
			remoteGlobalIDString = 0ABC17062381F11F00C036D0;
			remoteInfo = WebviewTest1;
		};
/* End PBXContainerItemProxy section */

/* Begin PBXFileReference section */
		0ABC17072381F11F00C036D0 /* WebviewTest1.app */ = {isa = PBXFileReference; explicitFileType = wrapper.application; includeInIndex = 0; path = WebviewTest1.app; sourceTree = BUILT_PRODUCTS_DIR; };
		0ABC170A2381F11F00C036D0 /* AppDelegate.swift */ = {isa = PBXFileReference; lastKnownFileType = sourcecode.swift; path = AppDelegate.swift; sourceTree = "<group>"; };
		0ABC170C2381F11F00C036D0 /* SceneDelegate.swift */ = {isa = PBXFileReference; lastKnownFileType = sourcecode.swift; path = SceneDelegate.swift; sourceTree = "<group>"; };
		0ABC170E2381F11F00C036D0 /* ViewController.swift */ = {isa = PBXFileReference; lastKnownFileType = sourcecode.swift; path = ViewController.swift; sourceTree = "<group>"; };
		0ABC17112381F11F00C036D0 /* Base */ = {isa = PBXFileReference; lastKnownFileType = file.storyboard; name = Base; path = Base.lproj/Main.storyboard; sourceTree = "<group>"; };
		0ABC17132381F12000C036D0 /* Assets.xcassets */ = {isa = PBXFileReference; lastKnownFileType = folder.assetcatalog; path = Assets.xcassets; sourceTree = "<group>"; };
		0ABC17162381F12000C036D0 /* Base */ = {isa = PBXFileReference; lastKnownFileType = file.storyboard; name = Base; path = Base.lproj/LaunchScreen.storyboard; sourceTree = "<group>"; };
		0ABC17182381F12000C036D0 /* Info.plist */ = {isa = PBXFileReference; lastKnownFileType = text.plist.xml; path = Info.plist; sourceTree = "<group>"; };
		0ABC171D2381F12100C036D0 /* WebviewTest1Tests.xctest */ = {isa = PBXFileReference; explicitFileType = wrapper.cfbundle; includeInIndex = 0; path = WebviewTest1Tests.xctest; sourceTree = BUILT_PRODUCTS_DIR; };
		0ABC17212381F12100C036D0 /* WebviewTest1Tests.swift */ = {isa = PBXFileReference; lastKnownFileType = sourcecode.swift; path = WebviewTest1Tests.swift; sourceTree = "<group>"; };
		0ABC17232381F12100C036D0 /* Info.plist */ = {isa = PBXFileReference; lastKnownFileType = text.plist.xml; path = Info.plist; sourceTree = "<group>"; };
		0ABC172C2382093000C036D0 /* NavigationWebview.swift */ = {isa = PBXFileReference; lastKnownFileType = sourcecode.swift; path = NavigationWebview.swift; sourceTree = "<group>"; };
/* End PBXFileReference section */

/* Begin PBXFrameworksBuildPhase section */
		0ABC17042381F11F00C036D0 /* Frameworks */ = {
			isa = PBXFrameworksBuildPhase;
			buildActionMask = 2147483647;
			files = (
			);
			runOnlyForDeploymentPostprocessing = 0;
		};
		0ABC171A2381F12100C036D0 /* Frameworks */ = {
			isa = PBXFrameworksBuildPhase;
			buildActionMask = 2147483647;
			files = (
			);
			runOnlyForDeploymentPostprocessing = 0;
		};
/* End PBXFrameworksBuildPhase section */

/* Begin PBXGroup section */
		0ABC16FE2381F11F00C036D0 = {
			isa = PBXGroup;
			children = (
				0ABC17092381F11F00C036D0 /* WebviewTest1 */,
				0ABC17202381F12100C036D0 /* WebviewTest1Tests */,
				0ABC17082381F11F00C036D0 /* Products */,
			);
			sourceTree = "<group>";
		};
		0ABC17082381F11F00C036D0 /* Products */ = {
			isa = PBXGroup;
			children = (
				0ABC17072381F11F00C036D0 /* WebviewTest1.app */,
				0ABC171D2381F12100C036D0 /* WebviewTest1Tests.xctest */,
			);
			name = Products;
			sourceTree = "<group>";
		};
		0ABC17092381F11F00C036D0 /* WebviewTest1 */ = {
			isa = PBXGroup;
			children = (
				0ABC170A2381F11F00C036D0 /* AppDelegate.swift */,
				0ABC170C2381F11F00C036D0 /* SceneDelegate.swift */,
				0ABC170E2381F11F00C036D0 /* ViewController.swift */,
				0ABC17102381F11F00C036D0 /* Main.storyboard */,
				0ABC17132381F12000C036D0 /* Assets.xcassets */,
				0ABC17152381F12000C036D0 /* LaunchScreen.storyboard */,
				0ABC17182381F12000C036D0 /* Info.plist */,
				0ABC172C2382093000C036D0 /* NavigationWebview.swift */,
			);
			path = WebviewTest1;
			sourceTree = "<group>";
		};
		0ABC17202381F12100C036D0 /* WebviewTest1Tests */ = {
			isa = PBXGroup;
			children = (
				0ABC17212381F12100C036D0 /* WebviewTest1Tests.swift */,
				0ABC17232381F12100C036D0 /* Info.plist */,
			);
			path = WebviewTest1Tests;
			sourceTree = "<group>";
		};
/* End PBXGroup section */

/* Begin PBXNativeTarget section */
		0ABC17062381F11F00C036D0 /* WebviewTest1 */ = {
			isa = PBXNativeTarget;
			buildConfigurationList = 0ABC17262381F12100C036D0 /* Build configuration list for PBXNativeTarget "WebviewTest1" */;
			buildPhases = (
				0ABC17032381F11F00C036D0 /* Sources */,
				0ABC17042381F11F00C036D0 /* Frameworks */,
				0ABC17052381F11F00C036D0 /* Resources */,
			);
			buildRules = (
			);
			dependencies = (
			);
			name = WebviewTest1;
			productName = WebviewTest1;
			productReference = 0ABC17072381F11F00C036D0 /* WebviewTest1.app */;
			productType = "com.apple.product-type.application";
		};
		0ABC171C2381F12100C036D0 /* WebviewTest1Tests */ = {
			isa = PBXNativeTarget;
			buildConfigurationList = 0ABC17292381F12100C036D0 /* Build configuration list for PBXNativeTarget "WebviewTest1Tests" */;
			buildPhases = (
				0ABC17192381F12100C036D0 /* Sources */,
				0ABC171A2381F12100C036D0 /* Frameworks */,
				0ABC171B2381F12100C036D0 /* Resources */,
			);
			buildRules = (
			);
			dependencies = (
				0ABC171F2381F12100C036D0 /* PBXTargetDependency */,
			);
			name = WebviewTest1Tests;
			productName = WebviewTest1Tests;
			productReference = 0ABC171D2381F12100C036D0 /* WebviewTest1Tests.xctest */;
			productType = "com.apple.product-type.bundle.unit-test";
		};
/* End PBXNativeTarget section */

/* Begin PBXProject section */
		0ABC16FF2381F11F00C036D0 /* Project object */ = {
			isa = PBXProject;
			attributes = {
				LastSwiftUpdateCheck = 1120;
				LastUpgradeCheck = 1120;
				ORGANIZATIONNAME = "谷出広大";
				TargetAttributes = {
					0ABC17062381F11F00C036D0 = {
						CreatedOnToolsVersion = 11.2;
					};
					0ABC171C2381F12100C036D0 = {
						CreatedOnToolsVersion = 11.2;
						TestTargetID = 0ABC17062381F11F00C036D0;
					};
				};
			};
			buildConfigurationList = 0ABC17022381F11F00C036D0 /* Build configuration list for PBXProject "WebviewTest1" */;
			compatibilityVersion = "Xcode 9.3";
			developmentRegion = en;
			hasScannedForEncodings = 0;
			knownRegions = (
				en,
				Base,
			);
			mainGroup = 0ABC16FE2381F11F00C036D0;
			productRefGroup = 0ABC17082381F11F00C036D0 /* Products */;
			projectDirPath = "";
			projectRoot = "";
			targets = (
				0ABC17062381F11F00C036D0 /* WebviewTest1 */,
				0ABC171C2381F12100C036D0 /* WebviewTest1Tests */,
			);
		};
/* End PBXProject section */

/* Begin PBXResourcesBuildPhase section */
		0ABC17052381F11F00C036D0 /* Resources */ = {
			isa = PBXResourcesBuildPhase;
			buildActionMask = 2147483647;
			files = (
				0ABC17172381F12000C036D0 /* LaunchScreen.storyboard in Resources */,
				0ABC17142381F12000C036D0 /* Assets.xcassets in Resources */,
				0ABC17122381F11F00C036D0 /* Main.storyboard in Resources */,
			);
			runOnlyForDeploymentPostprocessing = 0;
		};
		0ABC171B2381F12100C036D0 /* Resources */ = {
			isa = PBXResourcesBuildPhase;
			buildActionMask = 2147483647;
			files = (
			);
			runOnlyForDeploymentPostprocessing = 0;
		};
/* End PBXResourcesBuildPhase section */

/* Begin PBXSourcesBuildPhase section */
		0ABC17032381F11F00C036D0 /* Sources */ = {
			isa = PBXSourcesBuildPhase;
			buildActionMask = 2147483647;
			files = (
				0ABC170F2381F11F00C036D0 /* ViewController.swift in Sources */,
				0ABC170B2381F11F00C036D0 /* AppDelegate.swift in Sources */,
				0ABC170D2381F11F00C036D0 /* SceneDelegate.swift in Sources */,
				0ABC172D2382093000C036D0 /* NavigationWebview.swift in Sources */,
			);
			runOnlyForDeploymentPostprocessing = 0;
		};
		0ABC17192381F12100C036D0 /* Sources */ = {
			isa = PBXSourcesBuildPhase;
			buildActionMask = 2147483647;
			files = (
				0ABC17222381F12100C036D0 /* WebviewTest1Tests.swift in Sources */,
			);
			runOnlyForDeploymentPostprocessing = 0;
		};
/* End PBXSourcesBuildPhase section */

/* Begin PBXTargetDependency section */
		0ABC171F2381F12100C036D0 /* PBXTargetDependency */ = {
			isa = PBXTargetDependency;
			target = 0ABC17062381F11F00C036D0 /* WebviewTest1 */;
			targetProxy = 0ABC171E2381F12100C036D0 /* PBXContainerItemProxy */;
		};
/* End PBXTargetDependency section */

/* Begin PBXVariantGroup section */
		0ABC17102381F11F00C036D0 /* Main.storyboard */ = {
			isa = PBXVariantGroup;
			children = (
				0ABC17112381F11F00C036D0 /* Base */,
			);
			name = Main.storyboard;
			sourceTree = "<group>";
		};
		0ABC17152381F12000C036D0 /* LaunchScreen.storyboard */ = {
			isa = PBXVariantGroup;
			children = (
				0ABC17162381F12000C036D0 /* Base */,
			);
			name = LaunchScreen.storyboard;
			sourceTree = "<group>";
		};
/* End PBXVariantGroup section */

/* Begin XCBuildConfiguration section */
		0ABC17242381F12100C036D0 /* Debug */ = {
			isa = XCBuildConfiguration;
			buildSettings = {
				ALWAYS_SEARCH_USER_PATHS = NO;
				CLANG_ANALYZER_NONNULL = YES;
				CLANG_ANALYZER_NUMBER_OBJECT_CONVERSION = YES_AGGRESSIVE;
				CLANG_CXX_LANGUAGE_STANDARD = "gnu++14";
				CLANG_CXX_LIBRARY = "libc++";
				CLANG_ENABLE_MODULES = YES;
				CLANG_ENABLE_OBJC_ARC = YES;
				CLANG_ENABLE_OBJC_WEAK = YES;
				CLANG_WARN_BLOCK_CAPTURE_AUTORELEASING = YES;
				CLANG_WARN_BOOL_CONVERSION = YES;
				CLANG_WARN_COMMA = YES;
				CLANG_WARN_CONSTANT_CONVERSION = YES;
				CLANG_WARN_DEPRECATED_OBJC_IMPLEMENTATIONS = YES;
				CLANG_WARN_DIRECT_OBJC_ISA_USAGE = YES_ERROR;
				CLANG_WARN_DOCUMENTATION_COMMENTS = YES;
				CLANG_WARN_EMPTY_BODY = YES;
				CLANG_WARN_ENUM_CONVERSION = YES;
				CLANG_WARN_INFINITE_RECURSION = YES;
				CLANG_WARN_INT_CONVERSION = YES;
				CLANG_WARN_NON_LITERAL_NULL_CONVERSION = YES;
				CLANG_WARN_OBJC_IMPLICIT_RETAIN_SELF = YES;
				CLANG_WARN_OBJC_LITERAL_CONVERSION = YES;
				CLANG_WARN_OBJC_ROOT_CLASS = YES_ERROR;
				CLANG_WARN_RANGE_LOOP_ANALYSIS = YES;
				CLANG_WARN_STRICT_PROTOTYPES = YES;
				CLANG_WARN_SUSPICIOUS_MOVE = YES;
				CLANG_WARN_UNGUARDED_AVAILABILITY = YES_AGGRESSIVE;
				CLANG_WARN_UNREACHABLE_CODE = YES;
				CLANG_WARN__DUPLICATE_METHOD_MATCH = YES;
				COPY_PHASE_STRIP = NO;
				DEBUG_INFORMATION_FORMAT = dwarf;
				ENABLE_STRICT_OBJC_MSGSEND = YES;
				ENABLE_TESTABILITY = YES;
				GCC_C_LANGUAGE_STANDARD = gnu11;
				GCC_DYNAMIC_NO_PIC = NO;
				GCC_NO_COMMON_BLOCKS = YES;
				GCC_OPTIMIZATION_LEVEL = 0;
				GCC_PREPROCESSOR_DEFINITIONS = (
					"DEBUG=1",
					"$(inherited)",
				);
				GCC_WARN_64_TO_32_BIT_CONVERSION = YES;
				GCC_WARN_ABOUT_RETURN_TYPE = YES_ERROR;
				GCC_WARN_UNDECLARED_SELECTOR = YES;
				GCC_WARN_UNINITIALIZED_AUTOS = YES_AGGRESSIVE;
				GCC_WARN_UNUSED_FUNCTION = YES;
				GCC_WARN_UNUSED_VARIABLE = YES;
				IPHONEOS_DEPLOYMENT_TARGET = 13.2;
				MTL_ENABLE_DEBUG_INFO = INCLUDE_SOURCE;
				MTL_FAST_MATH = YES;
				ONLY_ACTIVE_ARCH = YES;
				SDKROOT = iphoneos;
				SWIFT_ACTIVE_COMPILATION_CONDITIONS = DEBUG;
				SWIFT_OPTIMIZATION_LEVEL = "-Onone";
			};
			name = Debug;
		};
		0ABC17252381F12100C036D0 /* Release */ = {
			isa = XCBuildConfiguration;
			buildSettings = {
				ALWAYS_SEARCH_USER_PATHS = NO;
				CLANG_ANALYZER_NONNULL = YES;
				CLANG_ANALYZER_NUMBER_OBJECT_CONVERSION = YES_AGGRESSIVE;
				CLANG_CXX_LANGUAGE_STANDARD = "gnu++14";
				CLANG_CXX_LIBRARY = "libc++";
				CLANG_ENABLE_MODULES = YES;
				CLANG_ENABLE_OBJC_ARC = YES;
				CLANG_ENABLE_OBJC_WEAK = YES;
				CLANG_WARN_BLOCK_CAPTURE_AUTORELEASING = YES;
				CLANG_WARN_BOOL_CONVERSION = YES;
				CLANG_WARN_COMMA = YES;
				CLANG_WARN_CONSTANT_CONVERSION = YES;
				CLANG_WARN_DEPRECATED_OBJC_IMPLEMENTATIONS = YES;
				CLANG_WARN_DIRECT_OBJC_ISA_USAGE = YES_ERROR;
				CLANG_WARN_DOCUMENTATION_COMMENTS = YES;
				CLANG_WARN_EMPTY_BODY = YES;
				CLANG_WARN_ENUM_CONVERSION = YES;
				CLANG_WARN_INFINITE_RECURSION = YES;
				CLANG_WARN_INT_CONVERSION = YES;
				CLANG_WARN_NON_LITERAL_NULL_CONVERSION = YES;
				CLANG_WARN_OBJC_IMPLICIT_RETAIN_SELF = YES;
				CLANG_WARN_OBJC_LITERAL_CONVERSION = YES;
				CLANG_WARN_OBJC_ROOT_CLASS = YES_ERROR;
				CLANG_WARN_RANGE_LOOP_ANALYSIS = YES;
				CLANG_WARN_STRICT_PROTOTYPES = YES;
				CLANG_WARN_SUSPICIOUS_MOVE = YES;
				CLANG_WARN_UNGUARDED_AVAILABILITY = YES_AGGRESSIVE;
				CLANG_WARN_UNREACHABLE_CODE = YES;
				CLANG_WARN__DUPLICATE_METHOD_MATCH = YES;
				COPY_PHASE_STRIP = NO;
				DEBUG_INFORMATION_FORMAT = "dwarf-with-dsym";
				ENABLE_NS_ASSERTIONS = NO;
				ENABLE_STRICT_OBJC_MSGSEND = YES;
				GCC_C_LANGUAGE_STANDARD = gnu11;
				GCC_NO_COMMON_BLOCKS = YES;
				GCC_WARN_64_TO_32_BIT_CONVERSION = YES;
				GCC_WARN_ABOUT_RETURN_TYPE = YES_ERROR;
				GCC_WARN_UNDECLARED_SELECTOR = YES;
				GCC_WARN_UNINITIALIZED_AUTOS = YES_AGGRESSIVE;
				GCC_WARN_UNUSED_FUNCTION = YES;
				GCC_WARN_UNUSED_VARIABLE = YES;
				IPHONEOS_DEPLOYMENT_TARGET = 13.2;
				MTL_ENABLE_DEBUG_INFO = NO;
				MTL_FAST_MATH = YES;
				SDKROOT = iphoneos;
				SWIFT_COMPILATION_MODE = wholemodule;
				SWIFT_OPTIMIZATION_LEVEL = "-O";
				VALIDATE_PRODUCT = YES;
			};
			name = Release;
		};
		0ABC17272381F12100C036D0 /* Debug */ = {
			isa = XCBuildConfiguration;
			buildSettings = {
				ASSETCATALOG_COMPILER_APPICON_NAME = AppIcon;
				CODE_SIGN_STYLE = Automatic;
				DEVELOPMENT_TEAM = HSXU7DVX6X;
				INFOPLIST_FILE = WebviewTest1/Info.plist;
				LD_RUNPATH_SEARCH_PATHS = (
					"$(inherited)",
					"@executable_path/Frameworks",
				);
				PRODUCT_BUNDLE_IDENTIFIER = koudai.WebviewTest1;
				PRODUCT_NAME = "$(TARGET_NAME)";
				SWIFT_VERSION = 5.0;
				TARGETED_DEVICE_FAMILY = "1,2";
			};
			name = Debug;
		};
		0ABC17282381F12100C036D0 /* Release */ = {
			isa = XCBuildConfiguration;
			buildSettings = {
				ASSETCATALOG_COMPILER_APPICON_NAME = AppIcon;
				CODE_SIGN_STYLE = Automatic;
				DEVELOPMENT_TEAM = HSXU7DVX6X;
				INFOPLIST_FILE = WebviewTest1/Info.plist;
				LD_RUNPATH_SEARCH_PATHS = (
					"$(inherited)",
					"@executable_path/Frameworks",
				);
				PRODUCT_BUNDLE_IDENTIFIER = koudai.WebviewTest1;
				PRODUCT_NAME = "$(TARGET_NAME)";
				SWIFT_VERSION = 5.0;
				TARGETED_DEVICE_FAMILY = "1,2";
			};
			name = Release;
		};
		0ABC172A2381F12100C036D0 /* Debug */ = {
			isa = XCBuildConfiguration;
			buildSettings = {
				ALWAYS_EMBED_SWIFT_STANDARD_LIBRARIES = YES;
				BUNDLE_LOADER = "$(TEST_HOST)";
				CODE_SIGN_STYLE = Automatic;
				DEVELOPMENT_TEAM = HSXU7DVX6X;
				INFOPLIST_FILE = WebviewTest1Tests/Info.plist;
				IPHONEOS_DEPLOYMENT_TARGET = 13.2;
				LD_RUNPATH_SEARCH_PATHS = (
					"$(inherited)",
					"@executable_path/Frameworks",
					"@loader_path/Frameworks",
				);
				PRODUCT_BUNDLE_IDENTIFIER = koudai.WebviewTest1Tests;
				PRODUCT_NAME = "$(TARGET_NAME)";
				SWIFT_VERSION = 5.0;
				TARGETED_DEVICE_FAMILY = "1,2";
				TEST_HOST = "$(BUILT_PRODUCTS_DIR)/WebviewTest1.app/WebviewTest1";
			};
			name = Debug;
		};
		0ABC172B2381F12100C036D0 /* Release */ = {
			isa = XCBuildConfiguration;
			buildSettings = {
				ALWAYS_EMBED_SWIFT_STANDARD_LIBRARIES = YES;
				BUNDLE_LOADER = "$(TEST_HOST)";
				CODE_SIGN_STYLE = Automatic;
				DEVELOPMENT_TEAM = HSXU7DVX6X;
				INFOPLIST_FILE = WebviewTest1Tests/Info.plist;
				IPHONEOS_DEPLOYMENT_TARGET = 13.2;
				LD_RUNPATH_SEARCH_PATHS = (
					"$(inherited)",
					"@executable_path/Frameworks",
					"@loader_path/Frameworks",
				);
				PRODUCT_BUNDLE_IDENTIFIER = koudai.WebviewTest1Tests;
				PRODUCT_NAME = "$(TARGET_NAME)";
				SWIFT_VERSION = 5.0;
				TARGETED_DEVICE_FAMILY = "1,2";
				TEST_HOST = "$(BUILT_PRODUCTS_DIR)/WebviewTest1.app/WebviewTest1";
			};
			name = Release;
		};
/* End XCBuildConfiguration section */

/* Begin XCConfigurationList section */
		0ABC17022381F11F00C036D0 /* Build configuration list for PBXProject "WebviewTest1" */ = {
			isa = XCConfigurationList;
			buildConfigurations = (
				0ABC17242381F12100C036D0 /* Debug */,
				0ABC17252381F12100C036D0 /* Release */,
			);
			defaultConfigurationIsVisible = 0;
			defaultConfigurationName = Release;
		};
		0ABC17262381F12100C036D0 /* Build configuration list for PBXNativeTarget "WebviewTest1" */ = {
			isa = XCConfigurationList;
			buildConfigurations = (
				0ABC17272381F12100C036D0 /* Debug */,
				0ABC17282381F12100C036D0 /* Release */,
			);
			defaultConfigurationIsVisible = 0;
			defaultConfigurationName = Release;
		};
		0ABC17292381F12100C036D0 /* Build configuration list for PBXNativeTarget "WebviewTest1Tests" */ = {
			isa = XCConfigurationList;
			buildConfigurations = (
				0ABC172A2381F12100C036D0 /* Debug */,
				0ABC172B2381F12100C036D0 /* Release */,
			);
			defaultConfigurationIsVisible = 0;
			defaultConfigurationName = Release;
		};
/* End XCConfigurationList section */
	};
	rootObject = 0ABC16FF2381F11F00C036D0 /* Project object */;
}
